# This file is autogenerated, do not edit; changes may be undone by the next 'dep ensure'.


[[projects]]
  branch = "master"
  name = "github.com/marcsantiago/logger"
  packages = ["."]
  revision = "1756ded296bc950f5bdc06e728e6b8077d30f5d5"

[solve-meta]
  analyzer-name = "dep"
  analyzer-version = 1
  inputs-digest = "4a5e6176414e0626597083aa6b7c1dfa1556293aabb90c9b5bdfea2d6888cc9d"
  solver-name = "gps-cdcl"
  solver-version = 1
